// !$*UTF8*$!
{
	archiveVersion = 1;
	classes = {
	};
	objectVersion = 46;
	objects = {

/* Begin PBXAggregateTarget section */
		4702D1BC19F4BE2D005CDA6C /* Documentation */ = {
			isa = PBXAggregateTarget;
			buildConfigurationList = 4702D1BD19F4BE2D005CDA6C /* Build configuration list for PBXAggregateTarget "Documentation" */;
			buildPhases = (
				4702D1BF19F4BE3A005CDA6C /* ShellScript */,
			);
			dependencies = (
				4702D1C119F4BEFE005CDA6C /* PBXTargetDependency */,
			);
			name = Documentation;
			productName = Documentation;
		};
/* End PBXAggregateTarget section */

/* Begin PBXBuildFile section */
		4702D1A819F4BB77005CDA6C /* SBJson.framework in Frameworks */ = {isa = PBXBuildFile; fileRef = 4702D19F19F4BB54005CDA6C /* SBJson.framework */; };
		471146D819F329AF008C0648 /* TMDBPromisedTVSeries.h in Headers */ = {isa = PBXBuildFile; fileRef = 471146D219F329AF008C0648 /* TMDBPromisedTVSeries.h */; settings = {ATTRIBUTES = (Public, ); }; };
		471146D919F329AF008C0648 /* TMDBPromisedTVSeries.m in Sources */ = {isa = PBXBuildFile; fileRef = 471146D319F329AF008C0648 /* TMDBPromisedTVSeries.m */; };
		471146DA19F329AF008C0648 /* TMDBTVCollection.h in Headers */ = {isa = PBXBuildFile; fileRef = 471146D419F329AF008C0648 /* TMDBTVCollection.h */; settings = {ATTRIBUTES = (Public, ); }; };
		471146DB19F329AF008C0648 /* TMDBTVCollection.m in Sources */ = {isa = PBXBuildFile; fileRef = 471146D519F329AF008C0648 /* TMDBTVCollection.m */; };
		471146DC19F329AF008C0648 /* TMDBTVSeries.h in Headers */ = {isa = PBXBuildFile; fileRef = 471146D619F329AF008C0648 /* TMDBTVSeries.h */; settings = {ATTRIBUTES = (Public, ); }; };
		471146DD19F329AF008C0648 /* TMDBTVSeries.m in Sources */ = {isa = PBXBuildFile; fileRef = 471146D719F329AF008C0648 /* TMDBTVSeries.m */; };
		471146E119F32B67008C0648 /* NSDictionary+extractValue.m in Sources */ = {isa = PBXBuildFile; fileRef = 471146DF19F32B67008C0648 /* NSDictionary+extractValue.m */; };
		471146E219F32B67008C0648 /* NSDictionary+extractValue.h in Headers */ = {isa = PBXBuildFile; fileRef = 471146E019F32B67008C0648 /* NSDictionary+extractValue.h */; };
		47903DB519F340C30053103D /* TMDBDebug.h in Headers */ = {isa = PBXBuildFile; fileRef = 47903DB419F340C30053103D /* TMDBDebug.h */; settings = {ATTRIBUTES = (Private, ); }; };
		47903DBA19F341C40053103D /* TMDBPromisedTVSeason.h in Headers */ = {isa = PBXBuildFile; fileRef = 47903DB619F341C40053103D /* TMDBPromisedTVSeason.h */; settings = {ATTRIBUTES = (Public, ); }; };
		47903DBB19F341C40053103D /* TMDBPromisedTVSeason.m in Sources */ = {isa = PBXBuildFile; fileRef = 47903DB719F341C40053103D /* TMDBPromisedTVSeason.m */; };
		47903DBC19F341C40053103D /* TMDBTVSeason.h in Headers */ = {isa = PBXBuildFile; fileRef = 47903DB819F341C40053103D /* TMDBTVSeason.h */; settings = {ATTRIBUTES = (Public, ); }; };
		47903DBD19F341C40053103D /* TMDBTVSeason.m in Sources */ = {isa = PBXBuildFile; fileRef = 47903DB919F341C40053103D /* TMDBTVSeason.m */; };
		47903DF319F35F900053103D /* TMDBPromisedTVEpisodes.h in Headers */ = {isa = PBXBuildFile; fileRef = 47903DF119F35F900053103D /* TMDBPromisedTVEpisodes.h */; settings = {ATTRIBUTES = (Public, ); }; };
		47903DF419F35F900053103D /* TMDBPromisedTVEpisodes.m in Sources */ = {isa = PBXBuildFile; fileRef = 47903DF219F35F900053103D /* TMDBPromisedTVEpisodes.m */; };
		8DC2EF530486A6940098B216 /* InfoPlist.strings in Resources */ = {isa = PBXBuildFile; fileRef = 089C1666FE841158C02AAC07 /* InfoPlist.strings */; };
		8DC2EF570486A6940098B216 /* Cocoa.framework in Frameworks */ = {isa = PBXBuildFile; fileRef = 1058C7B1FEA5585E11CA2CBB /* Cocoa.framework */; };
		AA3242CD12CBEF2F00063558 /* TMDBPromisedPerson.h in Headers */ = {isa = PBXBuildFile; fileRef = AA3242CB12CBEF2F00063558 /* TMDBPromisedPerson.h */; settings = {ATTRIBUTES = (Public, ); }; };
		AA3242CE12CBEF2F00063558 /* TMDBPromisedPerson.m in Sources */ = {isa = PBXBuildFile; fileRef = AA3242CC12CBEF2F00063558 /* TMDBPromisedPerson.m */; };
		AA985848128309AA0074F570 /* iTMDb.h in Headers */ = {isa = PBXBuildFile; fileRef = AA985847128309AA0074F570 /* iTMDb.h */; settings = {ATTRIBUTES = (Public, ); }; };
		AABB1F7A12833F9800F84FEB /* TMDB.m in Sources */ = {isa = PBXBuildFile; fileRef = AABB1F6512833F5300F84FEB /* TMDB.m */; };
		AAF437F61283464D00F5CC92 /* TMDBRequestDelegate.h in Headers */ = {isa = PBXBuildFile; fileRef = AAF437F51283464D00F5CC92 /* TMDBRequestDelegate.h */; settings = {ATTRIBUTES = (Public, ); }; };
		AAF4389F12834E6600F5CC92 /* TMDBMovie.h in Headers */ = {isa = PBXBuildFile; fileRef = AAF4389D12834E6600F5CC92 /* TMDBMovie.h */; settings = {ATTRIBUTES = (Public, ); }; };
		AAF438A012834E6600F5CC92 /* TMDBMovie.m in Sources */ = {isa = PBXBuildFile; fileRef = AAF4389E12834E6600F5CC92 /* TMDBMovie.m */; };
		AAF438B012834F6400F5CC92 /* TMDB.h in Headers */ = {isa = PBXBuildFile; fileRef = AABB1F6412833F5300F84FEB /* TMDB.h */; settings = {ATTRIBUTES = (Public, ); }; };
		AAF4398D12835AE000F5CC92 /* iTMDb_Prefix.pch in Headers */ = {isa = PBXBuildFile; fileRef = 32DBCF5E0370ADEE00C91783 /* iTMDb_Prefix.pch */; settings = {ATTRIBUTES = (Public, ); }; };
		AAF43A1012835F9400F5CC92 /* TMDBRequest.h in Headers */ = {isa = PBXBuildFile; fileRef = AAF43A0E12835F9400F5CC92 /* TMDBRequest.h */; settings = {ATTRIBUTES = (Public, ); }; };
		AAF43A1112835F9400F5CC92 /* TMDBRequest.m in Sources */ = {isa = PBXBuildFile; fileRef = AAF43A0F12835F9400F5CC92 /* TMDBRequest.m */; };
		AAF43A21128361C400F5CC92 /* TMDBDelegate.h in Headers */ = {isa = PBXBuildFile; fileRef = AAF43A20128361C400F5CC92 /* TMDBDelegate.h */; settings = {ATTRIBUTES = (Public, ); }; };
		FA2DA05416A4946800FA51A1 /* TMDBPromisedMovie.h in Headers */ = {isa = PBXBuildFile; fileRef = FA2DA05216A4946800FA51A1 /* TMDBPromisedMovie.h */; settings = {ATTRIBUTES = (Public, ); }; };
		FA2DA05516A4946800FA51A1 /* TMDBPromisedMovie.m in Sources */ = {isa = PBXBuildFile; fileRef = FA2DA05316A4946800FA51A1 /* TMDBPromisedMovie.m */; };
		FA2DA05916A497DB00FA51A1 /* TMDBImage.h in Headers */ = {isa = PBXBuildFile; fileRef = FA2DA05716A497DB00FA51A1 /* TMDBImage.h */; settings = {ATTRIBUTES = (Public, ); }; };
		FA2DA05A16A497DB00FA51A1 /* TMDBImage.m in Sources */ = {isa = PBXBuildFile; fileRef = FA2DA05816A497DB00FA51A1 /* TMDBImage.m */; };
		FA2DA05C16A4A37500FA51A1 /* TMDBImageDelegate.h in Headers */ = {isa = PBXBuildFile; fileRef = FA2DA05B16A4A30B00FA51A1 /* TMDBImageDelegate.h */; settings = {ATTRIBUTES = (Public, ); }; };
		FA3F411B16A31AA700E3AF19 /* TMDBMovieCollection.h in Headers */ = {isa = PBXBuildFile; fileRef = FA3F411916A31AA700E3AF19 /* TMDBMovieCollection.h */; settings = {ATTRIBUTES = (Public, ); }; };
		FA3F411C16A31AA700E3AF19 /* TMDBMovieCollection.m in Sources */ = {isa = PBXBuildFile; fileRef = FA3F411A16A31AA700E3AF19 /* TMDBMovieCollection.m */; };
		FA9FD5B2190D59D6009CD012 /* TMDBLanguage.h in Headers */ = {isa = PBXBuildFile; fileRef = FA9FD5B0190D59D6009CD012 /* TMDBLanguage.h */; settings = {ATTRIBUTES = (Public, ); }; };
		FA9FD5B3190D59D6009CD012 /* TMDBLanguage.m in Sources */ = {isa = PBXBuildFile; fileRef = FA9FD5B1190D59D6009CD012 /* TMDBLanguage.m */; };
		FA9FD5B7190D5B4F009CD012 /* TMDBCompany.h in Headers */ = {isa = PBXBuildFile; fileRef = FA9FD5B5190D5B4F009CD012 /* TMDBCompany.h */; settings = {ATTRIBUTES = (Public, ); }; };
		FA9FD5B8190D5B4F009CD012 /* TMDBCompany.m in Sources */ = {isa = PBXBuildFile; fileRef = FA9FD5B6190D5B4F009CD012 /* TMDBCompany.m */; };
		FAAA83DE16A6B98C00F800F6 /* TMDBKeyword.h in Headers */ = {isa = PBXBuildFile; fileRef = FAAA83DC16A6B98C00F800F6 /* TMDBKeyword.h */; settings = {ATTRIBUTES = (Public, ); }; };
		FAAA83DF16A6B98C00F800F6 /* TMDBKeyword.m in Sources */ = {isa = PBXBuildFile; fileRef = FAAA83DD16A6B98C00F800F6 /* TMDBKeyword.m */; };
		FAAA83E316A6BFE400F800F6 /* TMDBGenre.h in Headers */ = {isa = PBXBuildFile; fileRef = FAAA83E116A6BFE400F800F6 /* TMDBGenre.h */; settings = {ATTRIBUTES = (Public, ); }; };
		FAAA83E416A6BFE400F800F6 /* TMDBGenre.m in Sources */ = {isa = PBXBuildFile; fileRef = FAAA83E216A6BFE400F800F6 /* TMDBGenre.m */; };
		FAAA83E716A6C36F00F800F6 /* TMDBCountry.h in Headers */ = {isa = PBXBuildFile; fileRef = FAAA83E516A6C36F00F800F6 /* TMDBCountry.h */; settings = {ATTRIBUTES = (Public, ); }; };
		FAAA83E816A6C36F00F800F6 /* TMDBCountry.m in Sources */ = {isa = PBXBuildFile; fileRef = FAAA83E616A6C36F00F800F6 /* TMDBCountry.m */; };
/* End PBXBuildFile section */

/* Begin PBXContainerItemProxy section */
		4702D19E19F4BB54005CDA6C /* PBXContainerItemProxy */ = {
			isa = PBXContainerItemProxy;
			containerPortal = 4702D19719F4BB54005CDA6C /* SBJson.xcodeproj */;
			proxyType = 2;
			remoteGlobalIDString = BC12323D1391D5CC00131607;
			remoteInfo = SBJson;
		};
		4702D1A019F4BB54005CDA6C /* PBXContainerItemProxy */ = {
			isa = PBXContainerItemProxy;
			containerPortal = 4702D19719F4BB54005CDA6C /* SBJson.xcodeproj */;
			proxyType = 2;
			remoteGlobalIDString = BC1232521391D5CC00131607;
			remoteInfo = SBJsonTests;
		};
		4702D1A219F4BB54005CDA6C /* PBXContainerItemProxy */ = {
			isa = PBXContainerItemProxy;
			containerPortal = 4702D19719F4BB54005CDA6C /* SBJson.xcodeproj */;
			proxyType = 2;
			remoteGlobalIDString = BCC2626913920FC7003D9994;
			remoteInfo = "sbjson-ios";
		};
		4702D1A419F4BB54005CDA6C /* PBXContainerItemProxy */ = {
			isa = PBXContainerItemProxy;
			containerPortal = 4702D19719F4BB54005CDA6C /* SBJson.xcodeproj */;
			proxyType = 2;
			remoteGlobalIDString = BCC2627313920FC7003D9994;
			remoteInfo = "sbjson-iosTests";
		};
		4702D1A619F4BB6B005CDA6C /* PBXContainerItemProxy */ = {
			isa = PBXContainerItemProxy;
			containerPortal = 4702D19719F4BB54005CDA6C /* SBJson.xcodeproj */;
			proxyType = 1;
			remoteGlobalIDString = BC12323C1391D5CC00131607;
			remoteInfo = SBJson;
		};
		4702D1B019F4BDE1005CDA6C /* PBXContainerItemProxy */ = {
			isa = PBXContainerItemProxy;
			containerPortal = 4702D1AB19F4BDE1005CDA6C /* appledoc.xcodeproj */;
			proxyType = 2;
			remoteGlobalIDString = 8DD76FA10486AA7600D96B5E;
			remoteInfo = appledoc;
		};
		4702D1B219F4BDE1005CDA6C /* PBXContainerItemProxy */ = {
			isa = PBXContainerItemProxy;
			containerPortal = 4702D1AB19F4BDE1005CDA6C /* appledoc.xcodeproj */;
			proxyType = 2;
			remoteGlobalIDString = 733EA125122BDD020060CBDE;
			remoteInfo = AppledocTests;
		};
		4702D1C019F4BEFE005CDA6C /* PBXContainerItemProxy */ = {
			isa = PBXContainerItemProxy;
			containerPortal = 4702D1AB19F4BDE1005CDA6C /* appledoc.xcodeproj */;
			proxyType = 1;
			remoteGlobalIDString = 8DD76F960486AA7600D96B5E;
			remoteInfo = appledoc;
		};
/* End PBXContainerItemProxy section */

/* Begin PBXFileReference section */
		0867D69BFE84028FC02AAC07 /* Foundation.framework */ = {isa = PBXFileReference; lastKnownFileType = wrapper.framework; name = Foundation.framework; path = /System/Library/Frameworks/Foundation.framework; sourceTree = "<absolute>"; };
		0867D6A5FE840307C02AAC07 /* AppKit.framework */ = {isa = PBXFileReference; lastKnownFileType = wrapper.framework; name = AppKit.framework; path = /System/Library/Frameworks/AppKit.framework; sourceTree = "<absolute>"; };
		089C1667FE841158C02AAC07 /* English */ = {isa = PBXFileReference; fileEncoding = 4; lastKnownFileType = text.plist.strings; name = English; path = English.lproj/InfoPlist.strings; sourceTree = "<group>"; };
		1058C7B1FEA5585E11CA2CBB /* Cocoa.framework */ = {isa = PBXFileReference; lastKnownFileType = wrapper.framework; name = Cocoa.framework; path = /System/Library/Frameworks/Cocoa.framework; sourceTree = "<absolute>"; };
		32DBCF5E0370ADEE00C91783 /* iTMDb_Prefix.pch */ = {isa = PBXFileReference; fileEncoding = 4; lastKnownFileType = sourcecode.c.h; path = iTMDb_Prefix.pch; sourceTree = "<group>"; };
		4702D19719F4BB54005CDA6C /* SBJson.xcodeproj */ = {isa = PBXFileReference; lastKnownFileType = "wrapper.pb-project"; name = SBJson.xcodeproj; path = Classes/SBJson/SBJson.xcodeproj; sourceTree = "<group>"; };
		4702D1AB19F4BDE1005CDA6C /* appledoc.xcodeproj */ = {isa = PBXFileReference; lastKnownFileType = "wrapper.pb-project"; name = appledoc.xcodeproj; path = Tools/appledoc/appledoc.xcodeproj; sourceTree = "<group>"; };
		471146D219F329AF008C0648 /* TMDBPromisedTVSeries.h */ = {isa = PBXFileReference; fileEncoding = 4; lastKnownFileType = sourcecode.c.h; name = TMDBPromisedTVSeries.h; path = Classes/TV/TMDBPromisedTVSeries.h; sourceTree = "<group>"; };
		471146D319F329AF008C0648 /* TMDBPromisedTVSeries.m */ = {isa = PBXFileReference; fileEncoding = 4; lastKnownFileType = sourcecode.c.objc; name = TMDBPromisedTVSeries.m; path = Classes/TV/TMDBPromisedTVSeries.m; sourceTree = "<group>"; };
		471146D419F329AF008C0648 /* TMDBTVCollection.h */ = {isa = PBXFileReference; fileEncoding = 4; lastKnownFileType = sourcecode.c.h; name = TMDBTVCollection.h; path = Classes/TV/TMDBTVCollection.h; sourceTree = "<group>"; };
		471146D519F329AF008C0648 /* TMDBTVCollection.m */ = {isa = PBXFileReference; fileEncoding = 4; lastKnownFileType = sourcecode.c.objc; name = TMDBTVCollection.m; path = Classes/TV/TMDBTVCollection.m; sourceTree = "<group>"; };
		471146D619F329AF008C0648 /* TMDBTVSeries.h */ = {isa = PBXFileReference; fileEncoding = 4; lastKnownFileType = sourcecode.c.h; name = TMDBTVSeries.h; path = Classes/TV/TMDBTVSeries.h; sourceTree = "<group>"; };
		471146D719F329AF008C0648 /* TMDBTVSeries.m */ = {isa = PBXFileReference; fileEncoding = 4; lastKnownFileType = sourcecode.c.objc; name = TMDBTVSeries.m; path = Classes/TV/TMDBTVSeries.m; sourceTree = "<group>"; };
		471146DF19F32B67008C0648 /* NSDictionary+extractValue.m */ = {isa = PBXFileReference; fileEncoding = 4; lastKnownFileType = sourcecode.c.objc; name = "NSDictionary+extractValue.m"; path = "Classes/Extended/NSDictionary+extractValue.m"; sourceTree = "<group>"; };
		471146E019F32B67008C0648 /* NSDictionary+extractValue.h */ = {isa = PBXFileReference; fileEncoding = 4; lastKnownFileType = sourcecode.c.h; name = "NSDictionary+extractValue.h"; path = "Classes/Extended/NSDictionary+extractValue.h"; sourceTree = "<group>"; };
		47903DB419F340C30053103D /* TMDBDebug.h */ = {isa = PBXFileReference; fileEncoding = 4; lastKnownFileType = sourcecode.c.h; name = TMDBDebug.h; path = Classes/TMDBDebug.h; sourceTree = "<group>"; };
		47903DB619F341C40053103D /* TMDBPromisedTVSeason.h */ = {isa = PBXFileReference; fileEncoding = 4; lastKnownFileType = sourcecode.c.h; name = TMDBPromisedTVSeason.h; path = Classes/TV/TMDBPromisedTVSeason.h; sourceTree = "<group>"; };
		47903DB719F341C40053103D /* TMDBPromisedTVSeason.m */ = {isa = PBXFileReference; fileEncoding = 4; lastKnownFileType = sourcecode.c.objc; name = TMDBPromisedTVSeason.m; path = Classes/TV/TMDBPromisedTVSeason.m; sourceTree = "<group>"; };
		47903DB819F341C40053103D /* TMDBTVSeason.h */ = {isa = PBXFileReference; fileEncoding = 4; lastKnownFileType = sourcecode.c.h; name = TMDBTVSeason.h; path = Classes/TV/TMDBTVSeason.h; sourceTree = "<group>"; };
		47903DB919F341C40053103D /* TMDBTVSeason.m */ = {isa = PBXFileReference; fileEncoding = 4; lastKnownFileType = sourcecode.c.objc; name = TMDBTVSeason.m; path = Classes/TV/TMDBTVSeason.m; sourceTree = "<group>"; };
		47903DF119F35F900053103D /* TMDBPromisedTVEpisodes.h */ = {isa = PBXFileReference; fileEncoding = 4; lastKnownFileType = sourcecode.c.h; name = TMDBPromisedTVEpisodes.h; path = Classes/TV/TMDBPromisedTVEpisodes.h; sourceTree = "<group>"; };
		47903DF219F35F900053103D /* TMDBPromisedTVEpisodes.m */ = {isa = PBXFileReference; fileEncoding = 4; lastKnownFileType = sourcecode.c.objc; name = TMDBPromisedTVEpisodes.m; path = Classes/TV/TMDBPromisedTVEpisodes.m; sourceTree = "<group>"; };
		8DC2EF5A0486A6940098B216 /* Info.plist */ = {isa = PBXFileReference; fileEncoding = 4; lastKnownFileType = text.plist.xml; path = Info.plist; sourceTree = "<group>"; };
		8DC2EF5B0486A6940098B216 /* iTMDb.framework */ = {isa = PBXFileReference; explicitFileType = wrapper.framework; includeInIndex = 0; path = iTMDb.framework; sourceTree = BUILT_PRODUCTS_DIR; };
		AA3242CB12CBEF2F00063558 /* TMDBPromisedPerson.h */ = {isa = PBXFileReference; fileEncoding = 4; lastKnownFileType = sourcecode.c.h; name = TMDBPromisedPerson.h; path = Classes/People/TMDBPromisedPerson.h; sourceTree = "<group>"; };
		AA3242CC12CBEF2F00063558 /* TMDBPromisedPerson.m */ = {isa = PBXFileReference; fileEncoding = 4; lastKnownFileType = sourcecode.c.objc; name = TMDBPromisedPerson.m; path = Classes/People/TMDBPromisedPerson.m; sourceTree = "<group>"; };
		AA985847128309AA0074F570 /* iTMDb.h */ = {isa = PBXFileReference; fileEncoding = 4; lastKnownFileType = sourcecode.c.h; path = iTMDb.h; sourceTree = "<group>"; };
		AA98586D12830B680074F570 /* README.md */ = {isa = PBXFileReference; fileEncoding = 4; lastKnownFileType = text; path = README.md; sourceTree = "<group>"; };
		AABB1F6412833F5300F84FEB /* TMDB.h */ = {isa = PBXFileReference; fileEncoding = 4; lastKnownFileType = sourcecode.c.h; name = TMDB.h; path = Classes/TMDB.h; sourceTree = "<group>"; };
		AABB1F6512833F5300F84FEB /* TMDB.m */ = {isa = PBXFileReference; fileEncoding = 4; lastKnownFileType = sourcecode.c.objc; name = TMDB.m; path = Classes/TMDB.m; sourceTree = "<group>"; };
		AAF437F51283464D00F5CC92 /* TMDBRequestDelegate.h */ = {isa = PBXFileReference; fileEncoding = 4; lastKnownFileType = sourcecode.c.h; name = TMDBRequestDelegate.h; path = Classes/Requests/TMDBRequestDelegate.h; sourceTree = "<group>"; };
		AAF4389D12834E6600F5CC92 /* TMDBMovie.h */ = {isa = PBXFileReference; fileEncoding = 4; lastKnownFileType = sourcecode.c.h; name = TMDBMovie.h; path = Classes/Movies/TMDBMovie.h; sourceTree = "<group>"; };
		AAF4389E12834E6600F5CC92 /* TMDBMovie.m */ = {isa = PBXFileReference; fileEncoding = 4; lastKnownFileType = sourcecode.c.objc; name = TMDBMovie.m; path = Classes/Movies/TMDBMovie.m; sourceTree = "<group>"; };
		AAF43A0E12835F9400F5CC92 /* TMDBRequest.h */ = {isa = PBXFileReference; fileEncoding = 4; lastKnownFileType = sourcecode.c.h; name = TMDBRequest.h; path = Classes/Requests/TMDBRequest.h; sourceTree = "<group>"; };
		AAF43A0F12835F9400F5CC92 /* TMDBRequest.m */ = {isa = PBXFileReference; fileEncoding = 4; lastKnownFileType = sourcecode.c.objc; name = TMDBRequest.m; path = Classes/Requests/TMDBRequest.m; sourceTree = "<group>"; };
		AAF43A20128361C400F5CC92 /* TMDBDelegate.h */ = {isa = PBXFileReference; fileEncoding = 4; lastKnownFileType = sourcecode.c.h; name = TMDBDelegate.h; path = Classes/TMDBDelegate.h; sourceTree = "<group>"; };
		D2F7E79907B2D74100F64583 /* CoreData.framework */ = {isa = PBXFileReference; lastKnownFileType = wrapper.framework; name = CoreData.framework; path = /System/Library/Frameworks/CoreData.framework; sourceTree = "<absolute>"; };
		FA2DA05216A4946800FA51A1 /* TMDBPromisedMovie.h */ = {isa = PBXFileReference; fileEncoding = 4; lastKnownFileType = sourcecode.c.h; name = TMDBPromisedMovie.h; path = Classes/Movies/TMDBPromisedMovie.h; sourceTree = "<group>"; };
		FA2DA05316A4946800FA51A1 /* TMDBPromisedMovie.m */ = {isa = PBXFileReference; fileEncoding = 4; lastKnownFileType = sourcecode.c.objc; name = TMDBPromisedMovie.m; path = Classes/Movies/TMDBPromisedMovie.m; sourceTree = "<group>"; };
		FA2DA05716A497DB00FA51A1 /* TMDBImage.h */ = {isa = PBXFileReference; fileEncoding = 4; lastKnownFileType = sourcecode.c.h; name = TMDBImage.h; path = Classes/Movies/TMDBImage.h; sourceTree = "<group>"; };
		FA2DA05816A497DB00FA51A1 /* TMDBImage.m */ = {isa = PBXFileReference; fileEncoding = 4; lastKnownFileType = sourcecode.c.objc; name = TMDBImage.m; path = Classes/Movies/TMDBImage.m; sourceTree = "<group>"; };
		FA2DA05B16A4A30B00FA51A1 /* TMDBImageDelegate.h */ = {isa = PBXFileReference; lastKnownFileType = sourcecode.c.h; name = TMDBImageDelegate.h; path = Classes/Movies/TMDBImageDelegate.h; sourceTree = "<group>"; };
		FA3F411916A31AA700E3AF19 /* TMDBMovieCollection.h */ = {isa = PBXFileReference; fileEncoding = 4; lastKnownFileType = sourcecode.c.h; name = TMDBMovieCollection.h; path = Classes/Movies/TMDBMovieCollection.h; sourceTree = "<group>"; };
		FA3F411A16A31AA700E3AF19 /* TMDBMovieCollection.m */ = {isa = PBXFileReference; fileEncoding = 4; lastKnownFileType = sourcecode.c.objc; name = TMDBMovieCollection.m; path = Classes/Movies/TMDBMovieCollection.m; sourceTree = "<group>"; };
		FA9FD5B0190D59D6009CD012 /* TMDBLanguage.h */ = {isa = PBXFileReference; fileEncoding = 4; lastKnownFileType = sourcecode.c.h; name = TMDBLanguage.h; path = Classes/Movies/TMDBLanguage.h; sourceTree = "<group>"; };
		FA9FD5B1190D59D6009CD012 /* TMDBLanguage.m */ = {isa = PBXFileReference; fileEncoding = 4; lastKnownFileType = sourcecode.c.objc; name = TMDBLanguage.m; path = Classes/Movies/TMDBLanguage.m; sourceTree = "<group>"; };
		FA9FD5B5190D5B4F009CD012 /* TMDBCompany.h */ = {isa = PBXFileReference; fileEncoding = 4; lastKnownFileType = sourcecode.c.h; name = TMDBCompany.h; path = Classes/Movies/TMDBCompany.h; sourceTree = "<group>"; };
		FA9FD5B6190D5B4F009CD012 /* TMDBCompany.m */ = {isa = PBXFileReference; fileEncoding = 4; lastKnownFileType = sourcecode.c.objc; name = TMDBCompany.m; path = Classes/Movies/TMDBCompany.m; sourceTree = "<group>"; };
		FAAA83DC16A6B98C00F800F6 /* TMDBKeyword.h */ = {isa = PBXFileReference; fileEncoding = 4; lastKnownFileType = sourcecode.c.h; name = TMDBKeyword.h; path = Classes/Movies/TMDBKeyword.h; sourceTree = "<group>"; };
		FAAA83DD16A6B98C00F800F6 /* TMDBKeyword.m */ = {isa = PBXFileReference; fileEncoding = 4; lastKnownFileType = sourcecode.c.objc; name = TMDBKeyword.m; path = Classes/Movies/TMDBKeyword.m; sourceTree = "<group>"; };
		FAAA83E116A6BFE400F800F6 /* TMDBGenre.h */ = {isa = PBXFileReference; fileEncoding = 4; lastKnownFileType = sourcecode.c.h; name = TMDBGenre.h; path = Classes/Movies/TMDBGenre.h; sourceTree = "<group>"; };
		FAAA83E216A6BFE400F800F6 /* TMDBGenre.m */ = {isa = PBXFileReference; fileEncoding = 4; lastKnownFileType = sourcecode.c.objc; name = TMDBGenre.m; path = Classes/Movies/TMDBGenre.m; sourceTree = "<group>"; };
		FAAA83E516A6C36F00F800F6 /* TMDBCountry.h */ = {isa = PBXFileReference; fileEncoding = 4; lastKnownFileType = sourcecode.c.h; name = TMDBCountry.h; path = Classes/Movies/TMDBCountry.h; sourceTree = "<group>"; };
		FAAA83E616A6C36F00F800F6 /* TMDBCountry.m */ = {isa = PBXFileReference; fileEncoding = 4; lastKnownFileType = sourcecode.c.objc; name = TMDBCountry.m; path = Classes/Movies/TMDBCountry.m; sourceTree = "<group>"; };
/* End PBXFileReference section */

/* Begin PBXFrameworksBuildPhase section */
		8DC2EF560486A6940098B216 /* Frameworks */ = {
			isa = PBXFrameworksBuildPhase;
			buildActionMask = 2147483647;
			files = (
				4702D1A819F4BB77005CDA6C /* SBJson.framework in Frameworks */,
				8DC2EF570486A6940098B216 /* Cocoa.framework in Frameworks */,
			);
			runOnlyForDeploymentPostprocessing = 0;
		};
/* End PBXFrameworksBuildPhase section */

/* Begin PBXGroup section */
		034768DFFF38A50411DB9C8B /* Products */ = {
			isa = PBXGroup;
			children = (
				8DC2EF5B0486A6940098B216 /* iTMDb.framework */,
			);
			name = Products;
			sourceTree = "<group>";
		};
		0867D691FE84028FC02AAC07 /* iTMDb */ = {
			isa = PBXGroup;
			children = (
				08FB77AEFE84172EC02AAC07 /* Classes */,
				32C88DFF0371C24200C91783 /* Other Sources */,
				089C1665FE841158C02AAC07 /* Resources */,
				4702D1AA19F4BDC3005CDA6C /* Tools */,
				0867D69AFE84028FC02AAC07 /* External Frameworks and Libraries */,
				034768DFFF38A50411DB9C8B /* Products */,
			);
			name = iTMDb;
			sourceTree = "<group>";
		};
		0867D69AFE84028FC02AAC07 /* External Frameworks and Libraries */ = {
			isa = PBXGroup;
			children = (
				1058C7B0FEA5585E11CA2CBB /* Linked Frameworks */,
				1058C7B2FEA5585E11CA2CBB /* Other Frameworks */,
			);
			name = "External Frameworks and Libraries";
			sourceTree = "<group>";
		};
		089C1665FE841158C02AAC07 /* Resources */ = {
			isa = PBXGroup;
			children = (
				AA98586D12830B680074F570 /* README.md */,
				8DC2EF5A0486A6940098B216 /* Info.plist */,
				089C1666FE841158C02AAC07 /* InfoPlist.strings */,
			);
			name = Resources;
			sourceTree = "<group>";
		};
		08FB77AEFE84172EC02AAC07 /* Classes */ = {
			isa = PBXGroup;
			children = (
				4702D19719F4BB54005CDA6C /* SBJson.xcodeproj */,
				AA985847128309AA0074F570 /* iTMDb.h */,
				AA98584B128309C70074F570 /* General */,
				AAF437F01283455E00F5CC92 /* TMDb API */,
				471146DE19F32B45008C0648 /* Extended */,
				AAF437EF1283455400F5CC92 /* Requests */,
			);
			name = Classes;
			sourceTree = "<group>";
		};
		1058C7B0FEA5585E11CA2CBB /* Linked Frameworks */ = {
			isa = PBXGroup;
			children = (
				1058C7B1FEA5585E11CA2CBB /* Cocoa.framework */,
			);
			name = "Linked Frameworks";
			sourceTree = "<group>";
		};
		1058C7B2FEA5585E11CA2CBB /* Other Frameworks */ = {
			isa = PBXGroup;
			children = (
				0867D6A5FE840307C02AAC07 /* AppKit.framework */,
				D2F7E79907B2D74100F64583 /* CoreData.framework */,
				0867D69BFE84028FC02AAC07 /* Foundation.framework */,
			);
			name = "Other Frameworks";
			sourceTree = "<group>";
		};
		32C88DFF0371C24200C91783 /* Other Sources */ = {
			isa = PBXGroup;
			children = (
				32DBCF5E0370ADEE00C91783 /* iTMDb_Prefix.pch */,
			);
			name = "Other Sources";
			sourceTree = "<group>";
		};
		4702D19819F4BB54005CDA6C /* Products */ = {
			isa = PBXGroup;
			children = (
				4702D19F19F4BB54005CDA6C /* SBJson.framework */,
				4702D1A119F4BB54005CDA6C /* SBJsonTests.octest */,
				4702D1A319F4BB54005CDA6C /* libsbjson-ios.a */,
				4702D1A519F4BB54005CDA6C /* sbjson-iosTests.octest */,
			);
			name = Products;
			sourceTree = "<group>";
		};
		4702D1AA19F4BDC3005CDA6C /* Tools */ = {
			isa = PBXGroup;
			children = (
				4702D1AB19F4BDE1005CDA6C /* appledoc.xcodeproj */,
			);
			name = Tools;
			sourceTree = "<group>";
		};
		4702D1AC19F4BDE1005CDA6C /* Products */ = {
			isa = PBXGroup;
			children = (
				4702D1B119F4BDE1005CDA6C /* appledoc */,
				4702D1B319F4BDE1005CDA6C /* AppledocTests.app */,
			);
			name = Products;
			sourceTree = "<group>";
		};
		471146DE19F32B45008C0648 /* Extended */ = {
			isa = PBXGroup;
			children = (
				471146E019F32B67008C0648 /* NSDictionary+extractValue.h */,
				471146DF19F32B67008C0648 /* NSDictionary+extractValue.m */,
			);
			name = Extended;
			sourceTree = "<group>";
		};
		47FF995E19F3297E007D170F /* TV */ = {
			isa = PBXGroup;
			children = (
				47903DF119F35F900053103D /* TMDBPromisedTVEpisodes.h */,
				47903DF219F35F900053103D /* TMDBPromisedTVEpisodes.m */,
				47903DB619F341C40053103D /* TMDBPromisedTVSeason.h */,
				47903DB719F341C40053103D /* TMDBPromisedTVSeason.m */,
				47903DB819F341C40053103D /* TMDBTVSeason.h */,
				47903DB919F341C40053103D /* TMDBTVSeason.m */,
				471146D219F329AF008C0648 /* TMDBPromisedTVSeries.h */,
				471146D319F329AF008C0648 /* TMDBPromisedTVSeries.m */,
				471146D419F329AF008C0648 /* TMDBTVCollection.h */,
				471146D519F329AF008C0648 /* TMDBTVCollection.m */,
				471146D619F329AF008C0648 /* TMDBTVSeries.h */,
				471146D719F329AF008C0648 /* TMDBTVSeries.m */,
			);
			name = TV;
			sourceTree = "<group>";
		};
		AA98583E128308180074F570 /* Movies */ = {
			isa = PBXGroup;
			children = (
				AAFA3EAD12863A5B002B9E38 /* Images */,
				FAAA83E016A6B99900F800F6 /* Keywords & Genres */,
				AAF4389D12834E6600F5CC92 /* TMDBMovie.h */,
				AAF4389E12834E6600F5CC92 /* TMDBMovie.m */,
				FA3F411916A31AA700E3AF19 /* TMDBMovieCollection.h */,
				FA3F411A16A31AA700E3AF19 /* TMDBMovieCollection.m */,
				FA2DA05216A4946800FA51A1 /* TMDBPromisedMovie.h */,
				FA2DA05316A4946800FA51A1 /* TMDBPromisedMovie.m */,
				FAAA83E916A6C37300F800F6 /* Countries */,
				FA9FD5B4190D59DA009CD012 /* Languages */,
				FA9FD5B9190D5B52009CD012 /* Company */,
			);
			name = Movies;
			sourceTree = "<group>";
		};
		AA985840128308360074F570 /* People */ = {
			isa = PBXGroup;
			children = (
				AA3242CB12CBEF2F00063558 /* TMDBPromisedPerson.h */,
				AA3242CC12CBEF2F00063558 /* TMDBPromisedPerson.m */,
			);
			name = People;
			sourceTree = "<group>";
		};
		AA98584B128309C70074F570 /* General */ = {
			isa = PBXGroup;
			children = (
				47903DB419F340C30053103D /* TMDBDebug.h */,
				AAF43A20128361C400F5CC92 /* TMDBDelegate.h */,
				AABB1F6412833F5300F84FEB /* TMDB.h */,
				AABB1F6512833F5300F84FEB /* TMDB.m */,
			);
			name = General;
			sourceTree = "<group>";
		};
		AAF437EF1283455400F5CC92 /* Requests */ = {
			isa = PBXGroup;
			children = (
				AAF437F51283464D00F5CC92 /* TMDBRequestDelegate.h */,
				AAF43A0E12835F9400F5CC92 /* TMDBRequest.h */,
				AAF43A0F12835F9400F5CC92 /* TMDBRequest.m */,
			);
			name = Requests;
			sourceTree = "<group>";
		};
		AAF437F01283455E00F5CC92 /* TMDb API */ = {
			isa = PBXGroup;
			children = (
				47FF995E19F3297E007D170F /* TV */,
				AA98583E128308180074F570 /* Movies */,
				AA985840128308360074F570 /* People */,
			);
			name = "TMDb API";
			sourceTree = "<group>";
		};
		AAFA3EAD12863A5B002B9E38 /* Images */ = {
			isa = PBXGroup;
			children = (
				FA2DA05B16A4A30B00FA51A1 /* TMDBImageDelegate.h */,
				FA2DA05716A497DB00FA51A1 /* TMDBImage.h */,
				FA2DA05816A497DB00FA51A1 /* TMDBImage.m */,
			);
			name = Images;
			sourceTree = "<group>";
		};
		FA9FD5B4190D59DA009CD012 /* Languages */ = {
			isa = PBXGroup;
			children = (
				FA9FD5B0190D59D6009CD012 /* TMDBLanguage.h */,
				FA9FD5B1190D59D6009CD012 /* TMDBLanguage.m */,
			);
			name = Languages;
			sourceTree = "<group>";
		};
		FA9FD5B9190D5B52009CD012 /* Company */ = {
			isa = PBXGroup;
			children = (
				FA9FD5B5190D5B4F009CD012 /* TMDBCompany.h */,
				FA9FD5B6190D5B4F009CD012 /* TMDBCompany.m */,
			);
			name = Company;
			sourceTree = "<group>";
		};
		FAAA83E016A6B99900F800F6 /* Keywords & Genres */ = {
			isa = PBXGroup;
			children = (
				FAAA83DC16A6B98C00F800F6 /* TMDBKeyword.h */,
				FAAA83DD16A6B98C00F800F6 /* TMDBKeyword.m */,
				FAAA83E116A6BFE400F800F6 /* TMDBGenre.h */,
				FAAA83E216A6BFE400F800F6 /* TMDBGenre.m */,
			);
			name = "Keywords & Genres";
			sourceTree = "<group>";
		};
		FAAA83E916A6C37300F800F6 /* Countries */ = {
			isa = PBXGroup;
			children = (
				FAAA83E516A6C36F00F800F6 /* TMDBCountry.h */,
				FAAA83E616A6C36F00F800F6 /* TMDBCountry.m */,
			);
			name = Countries;
			sourceTree = "<group>";
		};
/* End PBXGroup section */

/* Begin PBXHeadersBuildPhase section */
		8DC2EF500486A6940098B216 /* Headers */ = {
			isa = PBXHeadersBuildPhase;
			buildActionMask = 2147483647;
			files = (
				AAF4398D12835AE000F5CC92 /* iTMDb_Prefix.pch in Headers */,
				AA985848128309AA0074F570 /* iTMDb.h in Headers */,
				AAF43A21128361C400F5CC92 /* TMDBDelegate.h in Headers */,
				AAF438B012834F6400F5CC92 /* TMDB.h in Headers */,
				47903DB519F340C30053103D /* TMDBDebug.h in Headers */,
				AAF437F61283464D00F5CC92 /* TMDBRequestDelegate.h in Headers */,
				471146DA19F329AF008C0648 /* TMDBTVCollection.h in Headers */,
				AAF4389F12834E6600F5CC92 /* TMDBMovie.h in Headers */,
				AAF43A1012835F9400F5CC92 /* TMDBRequest.h in Headers */,
				471146DC19F329AF008C0648 /* TMDBTVSeries.h in Headers */,
				471146E219F32B67008C0648 /* NSDictionary+extractValue.h in Headers */,
				471146D819F329AF008C0648 /* TMDBPromisedTVSeries.h in Headers */,
				47903DF319F35F900053103D /* TMDBPromisedTVEpisodes.h in Headers */,
				AA3242CD12CBEF2F00063558 /* TMDBPromisedPerson.h in Headers */,
				FA9FD5B2190D59D6009CD012 /* TMDBLanguage.h in Headers */,
				FA9FD5B7190D5B4F009CD012 /* TMDBCompany.h in Headers */,
				FA3F411B16A31AA700E3AF19 /* TMDBMovieCollection.h in Headers */,
				47903DBA19F341C40053103D /* TMDBPromisedTVSeason.h in Headers */,
				FA2DA05416A4946800FA51A1 /* TMDBPromisedMovie.h in Headers */,
				FA2DA05916A497DB00FA51A1 /* TMDBImage.h in Headers */,
				47903DBC19F341C40053103D /* TMDBTVSeason.h in Headers */,
				FA2DA05C16A4A37500FA51A1 /* TMDBImageDelegate.h in Headers */,
				FAAA83DE16A6B98C00F800F6 /* TMDBKeyword.h in Headers */,
				FAAA83E316A6BFE400F800F6 /* TMDBGenre.h in Headers */,
				FAAA83E716A6C36F00F800F6 /* TMDBCountry.h in Headers */,
			);
			runOnlyForDeploymentPostprocessing = 0;
		};
/* End PBXHeadersBuildPhase section */

/* Begin PBXNativeTarget section */
		8DC2EF4F0486A6940098B216 /* iTMDb */ = {
			isa = PBXNativeTarget;
			buildConfigurationList = 1DEB91AD08733DA50010E9CD /* Build configuration list for PBXNativeTarget "iTMDb" */;
			buildPhases = (
				8DC2EF500486A6940098B216 /* Headers */,
				8DC2EF520486A6940098B216 /* Resources */,
				8DC2EF540486A6940098B216 /* Sources */,
				8DC2EF560486A6940098B216 /* Frameworks */,
			);
			buildRules = (
			);
			dependencies = (
				4702D1A719F4BB6B005CDA6C /* PBXTargetDependency */,
			);
			name = iTMDb;
			productInstallPath = "$(HOME)/Library/Frameworks";
			productName = iTMDb;
			productReference = 8DC2EF5B0486A6940098B216 /* iTMDb.framework */;
			productType = "com.apple.product-type.framework";
		};
/* End PBXNativeTarget section */

/* Begin PBXProject section */
		0867D690FE84028FC02AAC07 /* Project object */ = {
			isa = PBXProject;
			attributes = {
				LastUpgradeCheck = 0600;
				ORGANIZATIONNAME = Apoltix;
				TargetAttributes = {
					4702D1BC19F4BE2D005CDA6C = {
						CreatedOnToolsVersion = 6.0.1;
					};
				};
			};
			buildConfigurationList = 1DEB91B108733DA50010E9CD /* Build configuration list for PBXProject "iTMDb" */;
			compatibilityVersion = "Xcode 3.2";
			developmentRegion = English;
			hasScannedForEncodings = 1;
			knownRegions = (
				English,
				Japanese,
				French,
				German,
			);
			mainGroup = 0867D691FE84028FC02AAC07 /* iTMDb */;
			productRefGroup = 034768DFFF38A50411DB9C8B /* Products */;
			projectDirPath = "";
			projectReferences = (
				{
					ProductGroup = 4702D1AC19F4BDE1005CDA6C /* Products */;
					ProjectRef = 4702D1AB19F4BDE1005CDA6C /* appledoc.xcodeproj */;
				},
				{
					ProductGroup = 4702D19819F4BB54005CDA6C /* Products */;
					ProjectRef = 4702D19719F4BB54005CDA6C /* SBJson.xcodeproj */;
				},
			);
			projectRoot = "";
			targets = (
				8DC2EF4F0486A6940098B216 /* iTMDb */,
				4702D1BC19F4BE2D005CDA6C /* Documentation */,
			);
		};
/* End PBXProject section */

/* Begin PBXReferenceProxy section */
		4702D19F19F4BB54005CDA6C /* SBJson.framework */ = {
			isa = PBXReferenceProxy;
			fileType = wrapper.framework;
			path = SBJson.framework;
			remoteRef = 4702D19E19F4BB54005CDA6C /* PBXContainerItemProxy */;
			sourceTree = BUILT_PRODUCTS_DIR;
		};
		4702D1A119F4BB54005CDA6C /* SBJsonTests.octest */ = {
			isa = PBXReferenceProxy;
			fileType = wrapper.cfbundle;
			path = SBJsonTests.octest;
			remoteRef = 4702D1A019F4BB54005CDA6C /* PBXContainerItemProxy */;
			sourceTree = BUILT_PRODUCTS_DIR;
		};
		4702D1A319F4BB54005CDA6C /* libsbjson-ios.a */ = {
			isa = PBXReferenceProxy;
			fileType = archive.ar;
			path = "libsbjson-ios.a";
			remoteRef = 4702D1A219F4BB54005CDA6C /* PBXContainerItemProxy */;
			sourceTree = BUILT_PRODUCTS_DIR;
		};
		4702D1A519F4BB54005CDA6C /* sbjson-iosTests.octest */ = {
			isa = PBXReferenceProxy;
			fileType = wrapper.cfbundle;
			path = "sbjson-iosTests.octest";
			remoteRef = 4702D1A419F4BB54005CDA6C /* PBXContainerItemProxy */;
			sourceTree = BUILT_PRODUCTS_DIR;
		};
		4702D1B119F4BDE1005CDA6C /* appledoc */ = {
			isa = PBXReferenceProxy;
			fileType = "compiled.mach-o.executable";
			path = appledoc;
			remoteRef = 4702D1B019F4BDE1005CDA6C /* PBXContainerItemProxy */;
			sourceTree = BUILT_PRODUCTS_DIR;
		};
		4702D1B319F4BDE1005CDA6C /* AppledocTests.app */ = {
			isa = PBXReferenceProxy;
			fileType = wrapper.application;
			path = AppledocTests.app;
			remoteRef = 4702D1B219F4BDE1005CDA6C /* PBXContainerItemProxy */;
			sourceTree = BUILT_PRODUCTS_DIR;
		};
/* End PBXReferenceProxy section */

/* Begin PBXResourcesBuildPhase section */
		8DC2EF520486A6940098B216 /* Resources */ = {
			isa = PBXResourcesBuildPhase;
			buildActionMask = 2147483647;
			files = (
				8DC2EF530486A6940098B216 /* InfoPlist.strings in Resources */,
			);
			runOnlyForDeploymentPostprocessing = 0;
		};
/* End PBXResourcesBuildPhase section */

/* Begin PBXShellScriptBuildPhase section */
		4702D1BF19F4BE3A005CDA6C /* ShellScript */ = {
			isa = PBXShellScriptBuildPhase;
			buildActionMask = 2147483647;
			files = (
			);
			inputPaths = (
			);
			outputPaths = (
			);
			runOnlyForDeploymentPostprocessing = 0;
			shellPath = /bin/sh;
			shellScript = "# Build an Xcode documentation\necho \"SOURCE_ROOT : $SOURCE_ROOT/..\"\n[ -x \"$TARGET_BUILD_DIR/appledoc\" ] && \"$TARGET_BUILD_DIR/appledoc\" -p iTMDb -c 0rca.ch --company-id ch.0rca -h -i Classes/SBJson -i Tools/appledoc --no-create-docset -o \"$SOURCE_ROOT/Documentation\" \"$SOURCE_ROOT\" &> /dev/null \nexit 0";
		};
/* End PBXShellScriptBuildPhase section */

/* Begin PBXSourcesBuildPhase section */
		8DC2EF540486A6940098B216 /* Sources */ = {
			isa = PBXSourcesBuildPhase;
			buildActionMask = 2147483647;
			files = (
				AABB1F7A12833F9800F84FEB /* TMDB.m in Sources */,
				AAF438A012834E6600F5CC92 /* TMDBMovie.m in Sources */,
				AAF43A1112835F9400F5CC92 /* TMDBRequest.m in Sources */,
				AA3242CE12CBEF2F00063558 /* TMDBPromisedPerson.m in Sources */,
				47903DF419F35F900053103D /* TMDBPromisedTVEpisodes.m in Sources */,
				471146DB19F329AF008C0648 /* TMDBTVCollection.m in Sources */,
				471146D919F329AF008C0648 /* TMDBPromisedTVSeries.m in Sources */,
				471146E119F32B67008C0648 /* NSDictionary+extractValue.m in Sources */,
				FA9FD5B8190D5B4F009CD012 /* TMDBCompany.m in Sources */,
				FA9FD5B3190D59D6009CD012 /* TMDBLanguage.m in Sources */,
				47903DBD19F341C40053103D /* TMDBTVSeason.m in Sources */,
				FA3F411C16A31AA700E3AF19 /* TMDBMovieCollection.m in Sources */,
				471146DD19F329AF008C0648 /* TMDBTVSeries.m in Sources */,
				47903DBB19F341C40053103D /* TMDBPromisedTVSeason.m in Sources */,
				FA2DA05516A4946800FA51A1 /* TMDBPromisedMovie.m in Sources */,
				FA2DA05A16A497DB00FA51A1 /* TMDBImage.m in Sources */,
				FAAA83DF16A6B98C00F800F6 /* TMDBKeyword.m in Sources */,
				FAAA83E416A6BFE400F800F6 /* TMDBGenre.m in Sources */,
				FAAA83E816A6C36F00F800F6 /* TMDBCountry.m in Sources */,
			);
			runOnlyForDeploymentPostprocessing = 0;
		};
/* End PBXSourcesBuildPhase section */

/* Begin PBXTargetDependency section */
		4702D1A719F4BB6B005CDA6C /* PBXTargetDependency */ = {
			isa = PBXTargetDependency;
			name = SBJson;
			targetProxy = 4702D1A619F4BB6B005CDA6C /* PBXContainerItemProxy */;
		};
		4702D1C119F4BEFE005CDA6C /* PBXTargetDependency */ = {
			isa = PBXTargetDependency;
			name = appledoc;
			targetProxy = 4702D1C019F4BEFE005CDA6C /* PBXContainerItemProxy */;
		};
/* End PBXTargetDependency section */

/* Begin PBXVariantGroup section */
		089C1666FE841158C02AAC07 /* InfoPlist.strings */ = {
			isa = PBXVariantGroup;
			children = (
				089C1667FE841158C02AAC07 /* English */,
			);
			name = InfoPlist.strings;
			sourceTree = "<group>";
		};
/* End PBXVariantGroup section */

/* Begin XCBuildConfiguration section */
		1DEB91AF08733DA50010E9CD /* Release */ = {
			isa = XCBuildConfiguration;
			buildSettings = {
				ALWAYS_SEARCH_USER_PATHS = NO;
				CLANG_ENABLE_OBJC_ARC = YES;
				CODE_SIGN_IDENTITY = "";
				COMBINE_HIDPI_IMAGES = YES;
				DEBUG_INFORMATION_FORMAT = "dwarf-with-dsym";
				DYLIB_COMPATIBILITY_VERSION = 1;
				DYLIB_CURRENT_VERSION = 1;
				FRAMEWORK_SEARCH_PATHS = "$(BUILD_DIR)/$(CONFIGURATION)$(EFFECTIVE_PLATFORM_NAME)/**";
				FRAMEWORK_VERSION = A;
				GCC_PRECOMPILE_PREFIX_HEADER = YES;
				GCC_PREFIX_HEADER = iTMDb_Prefix.pch;
				INFOPLIST_FILE = Info.plist;
				INSTALL_PATH = "@executable_path/../Frameworks";
				MACOSX_DEPLOYMENT_TARGET = 10.7;
				PRODUCT_NAME = iTMDb;
				SDKROOT = macosx;
				SKIP_INSTALL = YES;
				USER_HEADER_SEARCH_PATHS = "$(BUILD_DIR)/$(CONFIGURATION)$(EFFECTIVE_PLATFORM_NAME)";
				WRAPPER_EXTENSION = framework;
			};
			name = Release;
		};
		1DEB91B308733DA50010E9CD /* Release */ = {
			isa = XCBuildConfiguration;
			buildSettings = {
				CLANG_LINK_OBJC_RUNTIME = NO;
				CLANG_WARN_BOOL_CONVERSION = YES;
				CLANG_WARN_CONSTANT_CONVERSION = YES;
				CLANG_WARN_EMPTY_BODY = YES;
				CLANG_WARN_ENUM_CONVERSION = YES;
				CLANG_WARN_INT_CONVERSION = YES;
				CLANG_WARN_UNREACHABLE_CODE = YES;
				CLANG_WARN__DUPLICATE_METHOD_MATCH = YES;
				ENABLE_STRICT_OBJC_MSGSEND = YES;
				GCC_C_LANGUAGE_STANDARD = gnu99;
				GCC_VERSION = com.apple.compilers.llvm.clang.1_0;
				GCC_WARN_64_TO_32_BIT_CONVERSION = YES;
				GCC_WARN_ABOUT_RETURN_TYPE = YES;
				GCC_WARN_UNDECLARED_SELECTOR = YES;
				GCC_WARN_UNINITIALIZED_AUTOS = YES;
				GCC_WARN_UNUSED_FUNCTION = YES;
				GCC_WARN_UNUSED_VARIABLE = YES;
				MACOSX_DEPLOYMENT_TARGET = 10.6;
				SDKROOT = macosx;
				VALID_ARCHS = "i386 x86_64";
			};
			name = Release;
		};
		4702D1BE19F4BE2D005CDA6C /* Release */ = {
			isa = XCBuildConfiguration;
			buildSettings = {
				PRODUCT_NAME = "$(TARGET_NAME)";
			};
			name = Release;
		};
/* End XCBuildConfiguration section */

/* Begin XCConfigurationList section */
		1DEB91AD08733DA50010E9CD /* Build configuration list for PBXNativeTarget "iTMDb" */ = {
			isa = XCConfigurationList;
			buildConfigurations = (
				1DEB91AF08733DA50010E9CD /* Release */,
			);
			defaultConfigurationIsVisible = 0;
			defaultConfigurationName = Release;
		};
		1DEB91B108733DA50010E9CD /* Build configuration list for PBXProject "iTMDb" */ = {
			isa = XCConfigurationList;
			buildConfigurations = (
				1DEB91B308733DA50010E9CD /* Release */,
			);
			defaultConfigurationIsVisible = 0;
			defaultConfigurationName = Release;
		};
		4702D1BD19F4BE2D005CDA6C /* Build configuration list for PBXAggregateTarget "Documentation" */ = {
			isa = XCConfigurationList;
			buildConfigurations = (
				4702D1BE19F4BE2D005CDA6C /* Release */,
			);
			defaultConfigurationIsVisible = 0;
			defaultConfigurationName = Release;
		};
/* End XCConfigurationList section */
	};
	rootObject = 0867D690FE84028FC02AAC07 /* Project object */;
}
